{
  "name": "digiasset-issuance-encoder",
  "version": "1.2.0",
  "lockfileVersion": 1,
  "requires": true,
  "dependencies": {
    "digiasset-payment-encoder": {
      "version": "1.1.0",
      "resolved": "https://registry.npmjs.org/digiasset-payment-encoder/-/digiasset-payment-encoder-1.1.0.tgz",
      "integrity": "sha512-6KD1BlxLLFwDs6GcfzftVHslHtd3KKvc5VYBPzFsHJHK3q1lclHKOJA9vanQ/zYIidUEYiwUffv0gz25QxJs7w==",
      "requires": {
        "sffc-encoder": "^0.1.9"
      }
    },
    "sffc-encoder": {
      "version": "0.1.12",
      "resolved": "https://registry.npmjs.org/sffc-encoder/-/sffc-encoder-0.1.12.tgz",
      "integrity": "sha1-RXanuwJ5H1/EyUwnbTa8gDp93LM="
    }
  }
}
